
Microsoft Visual Studio Solution File, Format Version 12.00
# Visual Studio 2013
VisualStudioVersion = 12.0.30501.0
MinimumVisualStudioVersion = 10.0.40219.1
Project("{FAE04EC0-301F-11D3-BF4B-00C04F79EFBC}") = "IRFHotels", "IRFHotels\IRFHotels.csproj", "{3E9741F2-3B98-4CD6-BD1D-31BB7FC0B4EE}"
EndProject
Project("{FAE04EC0-301F-11D3-BF4B-00C04F79EFBC}") = "IRFHotels.HotelClient", "IRFHotels.HotelClient\IRFHotels.HotelClient.csproj", "{B13B0A7B-9400-4B6E-B239-F576C230DEFB}"
EndProject
Global
	GlobalSection(SolutionConfigurationPlatforms) = preSolution
		Debug|Any CPU = Debug|Any CPU
		Release|Any CPU = Release|Any CPU
	EndGlobalSection
	GlobalSection(ProjectConfigurationPlatforms) = postSolution
		{3E9741F2-3B98-4CD6-BD1D-31BB7FC0B4EE}.Debug|Any CPU.ActiveCfg = Debug|Any CPU
		{3E9741F2-3B98-4CD6-BD1D-31BB7FC0B4EE}.Debug|Any CPU.Build.0 = Debug|Any CPU
		{3E9741F2-3B98-4CD6-BD1D-31BB7FC0B4EE}.Release|Any CPU.ActiveCfg = Release|Any CPU
		{3E9741F2-3B98-4CD6-BD1D-31BB7FC0B4EE}.Release|Any CPU.Build.0 = Release|Any CPU
		{B13B0A7B-9400-4B6E-B239-F576C230DEFB}.Debug|Any CPU.ActiveCfg = Debug|Any CPU
		{B13B0A7B-9400-4B6E-B239-F576C230DEFB}.Debug|Any CPU.Build.0 = Debug|Any CPU
		{B13B0A7B-9400-4B6E-B239-F576C230DEFB}.Release|Any CPU.ActiveCfg = Release|Any CPU
		{B13B0A7B-9400-4B6E-B239-F576C230DEFB}.Release|Any CPU.Build.0 = Release|Any CPU
	EndGlobalSection
	GlobalSection(SolutionProperties) = preSolution
		HideSolutionNode = FALSE
	EndGlobalSection
	GlobalSection(ExtensibilityGlobals) = postSolution
		EnterpriseLibraryConfigurationToolBinariesPathV6 = packages\EnterpriseLibrary.Common.6.0.1304.0\lib\NET45
	EndGlobalSection
EndGlobal
